
Microsoft Visual Studio Solution File, Format Version 12.00
# Visual Studio Version 17
VisualStudioVersion = 17.0.31903.59
MinimumVisualStudioVersion = 10.0.40219.1
Project("{2150E333-8FDC-42A3-9474-1A3956D46DE8}") = "src", "src", "{827E0CD3-B72D-47B6-A68D-7590B98EB39B}"
EndProject
Project("{FAE04EC0-301F-11D3-BF4B-00C04F79EFBC}") = "Nutrir.Core", "src\Nutrir.Core\Nutrir.Core.csproj", "{84B6DD35-643B-414E-859D-BDA0825076BB}"
EndProject
Project("{FAE04EC0-301F-11D3-BF4B-00C04F79EFBC}") = "Nutrir.Infrastructure", "src\Nutrir.Infrastructure\Nutrir.Infrastructure.csproj", "{D3990AF6-68E0-4FA6-8BB0-0B3DB593A951}"
EndProject
Project("{FAE04EC0-301F-11D3-BF4B-00C04F79EFBC}") = "Nutrir.Web", "src\Nutrir.Web\Nutrir.Web.csproj", "{7BE604AF-8DCF-47B6-88B5-FD4B5EE50D2C}"
EndProject
Project("{FAE04EC0-301F-11D3-BF4B-00C04F79EFBC}") = "Nutrir.Cli", "src\Nutrir.Cli\Nutrir.Cli.csproj", "{4821C642-6E52-47F9-AEB5-E5CB2E936EEF}"
EndProject
Global
	GlobalSection(SolutionConfigurationPlatforms) = preSolution
		Debug|Any CPU = Debug|Any CPU
		Debug|x64 = Debug|x64
		Debug|x86 = Debug|x86
		Release|Any CPU = Release|Any CPU
		Release|x64 = Release|x64
		Release|x86 = Release|x86
	EndGlobalSection
	GlobalSection(ProjectConfigurationPlatforms) = postSolution
		{84B6DD35-643B-414E-859D-BDA0825076BB}.Debug|Any CPU.ActiveCfg = Debug|Any CPU
		{84B6DD35-643B-414E-859D-BDA0825076BB}.Debug|Any CPU.Build.0 = Debug|Any CPU
		{84B6DD35-643B-414E-859D-BDA0825076BB}.Debug|x64.ActiveCfg = Debug|Any CPU
		{84B6DD35-643B-414E-859D-BDA0825076BB}.Debug|x64.Build.0 = Debug|Any CPU
		{84B6DD35-643B-414E-859D-BDA0825076BB}.Debug|x86.ActiveCfg = Debug|Any CPU
		{84B6DD35-643B-414E-859D-BDA0825076BB}.Debug|x86.Build.0 = Debug|Any CPU
		{84B6DD35-643B-414E-859D-BDA0825076BB}.Release|Any CPU.ActiveCfg = Release|Any CPU
		{84B6DD35-643B-414E-859D-BDA0825076BB}.Release|Any CPU.Build.0 = Release|Any CPU
		{84B6DD35-643B-414E-859D-BDA0825076BB}.Release|x64.ActiveCfg = Release|Any CPU
		{84B6DD35-643B-414E-859D-BDA0825076BB}.Release|x64.Build.0 = Release|Any CPU
		{84B6DD35-643B-414E-859D-BDA0825076BB}.Release|x86.ActiveCfg = Release|Any CPU
		{84B6DD35-643B-414E-859D-BDA0825076BB}.Release|x86.Build.0 = Release|Any CPU
		{D3990AF6-68E0-4FA6-8BB0-0B3DB593A951}.Debug|Any CPU.ActiveCfg = Debug|Any CPU
		{D3990AF6-68E0-4FA6-8BB0-0B3DB593A951}.Debug|Any CPU.Build.0 = Debug|Any CPU
		{D3990AF6-68E0-4FA6-8BB0-0B3DB593A951}.Debug|x64.ActiveCfg = Debug|Any CPU
		{D3990AF6-68E0-4FA6-8BB0-0B3DB593A951}.Debug|x64.Build.0 = Debug|Any CPU
		{D3990AF6-68E0-4FA6-8BB0-0B3DB593A951}.Debug|x86.ActiveCfg = Debug|Any CPU
		{D3990AF6-68E0-4FA6-8BB0-0B3DB593A951}.Debug|x86.Build.0 = Debug|Any CPU
		{D3990AF6-68E0-4FA6-8BB0-0B3DB593A951}.Release|Any CPU.ActiveCfg = Release|Any CPU
		{D3990AF6-68E0-4FA6-8BB0-0B3DB593A951}.Release|Any CPU.Build.0 = Release|Any CPU
		{D3990AF6-68E0-4FA6-8BB0-0B3DB593A951}.Release|x64.ActiveCfg = Release|Any CPU
		{D3990AF6-68E0-4FA6-8BB0-0B3DB593A951}.Release|x64.Build.0 = Release|Any CPU
		{D3990AF6-68E0-4FA6-8BB0-0B3DB593A951}.Release|x86.ActiveCfg = Release|Any CPU
		{D3990AF6-68E0-4FA6-8BB0-0B3DB593A951}.Release|x86.Build.0 = Release|Any CPU
		{7BE604AF-8DCF-47B6-88B5-FD4B5EE50D2C}.Debug|Any CPU.ActiveCfg = Debug|Any CPU
		{7BE604AF-8DCF-47B6-88B5-FD4B5EE50D2C}.Debug|Any CPU.Build.0 = Debug|Any CPU
		{7BE604AF-8DCF-47B6-88B5-FD4B5EE50D2C}.Debug|x64.ActiveCfg = Debug|Any CPU
		{7BE604AF-8DCF-47B6-88B5-FD4B5EE50D2C}.Debug|x64.Build.0 = Debug|Any CPU
		{7BE604AF-8DCF-47B6-88B5-FD4B5EE50D2C}.Debug|x86.ActiveCfg = Debug|Any CPU
		{7BE604AF-8DCF-47B6-88B5-FD4B5EE50D2C}.Debug|x86.Build.0 = Debug|Any CPU
		{7BE604AF-8DCF-47B6-88B5-FD4B5EE50D2C}.Release|Any CPU.ActiveCfg = Release|Any CPU
		{7BE604AF-8DCF-47B6-88B5-FD4B5EE50D2C}.Release|Any CPU.Build.0 = Release|Any CPU
		{7BE604AF-8DCF-47B6-88B5-FD4B5EE50D2C}.Release|x64.ActiveCfg = Release|Any CPU
		{7BE604AF-8DCF-47B6-88B5-FD4B5EE50D2C}.Release|x64.Build.0 = Release|Any CPU
		{7BE604AF-8DCF-47B6-88B5-FD4B5EE50D2C}.Release|x86.ActiveCfg = Release|Any CPU
		{7BE604AF-8DCF-47B6-88B5-FD4B5EE50D2C}.Release|x86.Build.0 = Release|Any CPU
		{4821C642-6E52-47F9-AEB5-E5CB2E936EEF}.Debug|Any CPU.ActiveCfg = Debug|Any CPU
		{4821C642-6E52-47F9-AEB5-E5CB2E936EEF}.Debug|Any CPU.Build.0 = Debug|Any CPU
		{4821C642-6E52-47F9-AEB5-E5CB2E936EEF}.Debug|x64.ActiveCfg = Debug|Any CPU
		{4821C642-6E52-47F9-AEB5-E5CB2E936EEF}.Debug|x64.Build.0 = Debug|Any CPU
		{4821C642-6E52-47F9-AEB5-E5CB2E936EEF}.Debug|x86.ActiveCfg = Debug|Any CPU
		{4821C642-6E52-47F9-AEB5-E5CB2E936EEF}.Debug|x86.Build.0 = Debug|Any CPU
		{4821C642-6E52-47F9-AEB5-E5CB2E936EEF}.Release|Any CPU.ActiveCfg = Release|Any CPU
		{4821C642-6E52-47F9-AEB5-E5CB2E936EEF}.Release|Any CPU.Build.0 = Release|Any CPU
		{4821C642-6E52-47F9-AEB5-E5CB2E936EEF}.Release|x64.ActiveCfg = Release|Any CPU
		{4821C642-6E52-47F9-AEB5-E5CB2E936EEF}.Release|x64.Build.0 = Release|Any CPU
		{4821C642-6E52-47F9-AEB5-E5CB2E936EEF}.Release|x86.ActiveCfg = Release|Any CPU
		{4821C642-6E52-47F9-AEB5-E5CB2E936EEF}.Release|x86.Build.0 = Release|Any CPU
	EndGlobalSection
	GlobalSection(SolutionProperties) = preSolution
		HideSolutionNode = FALSE
	EndGlobalSection
	GlobalSection(NestedProjects) = preSolution
		{84B6DD35-643B-414E-859D-BDA0825076BB} = {827E0CD3-B72D-47B6-A68D-7590B98EB39B}
		{D3990AF6-68E0-4FA6-8BB0-0B3DB593A951} = {827E0CD3-B72D-47B6-A68D-7590B98EB39B}
		{7BE604AF-8DCF-47B6-88B5-FD4B5EE50D2C} = {827E0CD3-B72D-47B6-A68D-7590B98EB39B}
		{4821C642-6E52-47F9-AEB5-E5CB2E936EEF} = {827E0CD3-B72D-47B6-A68D-7590B98EB39B}
	EndGlobalSection
EndGlobal
